{
  "name": "websocket-relay",
  "version": "0.0.1",
  "lockfileVersion": 3,
  "requires": true,
  "packages": {
    "": {
      "name": "websocket-relay",
      "version": "0.0.1",
      "license": "GNU GPL 2",
      "dependencies": {
        "supervisord": "^0.1.0",
        "ws": "^8.18.0"
      }
    },
    "node_modules/sax": {
      "version": "1.2.4",
      "resolved": "https://registry.npmjs.org/sax/-/sax-1.2.4.tgz",
      "integrity": "sha512-NqVDv9TpANUjFm0N8uM5GxL36UgKi9/atZw+x7YFnQ8ckwFGKrl4xX4yWtrey3UJm5nP1kUbnYgLopqWNSRhWw==",
      "license": "ISC"
    },
    "node_modules/structr": {
      "version": "0.3.2",
      "resolved": "https://registry.npmjs.org/structr/-/structr-0.3.2.tgz",
      "integrity": "sha512-PQXtNGxNrl6ZYjlSoIixfNveac9Gnb9XJRsJ163vWh8qc5Q9R0YSIq3Yf4VT7xjxZb/1dtuwNf7+axm9cjayLw=="
    },
    "node_modules/supervisord": {
      "version": "0.1.0",
      "resolved": "https://registry.npmjs.org/supervisord/-/supervisord-0.1.0.tgz",
      "integrity": "sha512-Qlyyq5MzawV8i6/qHDMqX3n4jrVHr4SE/v/auHxm6vZvHPMcdBx3RjsNcab3x2WB3f7ddly0Rta04OZiJSaYOg==",
      "dependencies": {
        "structr": "*",
        "xmlrpc": "*"
      }
    },
    "node_modules/ws": {
      "version": "8.20.1",
      "resolved": "https://registry.npmjs.org/ws/-/ws-8.20.1.tgz",
      "integrity": "sha512-It4dO0K5v//JtTXuPkfEOaI3uUN87iYPnqo/ZzqCoG3g8uhA66QUMs/SrM0YK7/NAu+r4LMh/9dq2A7k+rHs+w==",
      "license": "MIT",
      "engines": {
        "node": ">=10.0.0"
      },
      "peerDependencies": {
        "bufferutil": "^4.0.1",
        "utf-8-validate": ">=5.0.2"
      },
      "peerDependenciesMeta": {
        "bufferutil": {
          "optional": true
        },
        "utf-8-validate": {
          "optional": true
        }
      }
    },
    "node_modules/xmlbuilder": {
      "version": "8.2.2",
      "resolved": "https://registry.npmjs.org/xmlbuilder/-/xmlbuilder-8.2.2.tgz",
      "integrity": "sha512-eKRAFz04jghooy8muekqzo8uCSVNeyRedbuJrp0fovbLIi7wlsYtdUn3vBAAPq2Y3/0xMz2WMEUQ8yhVVO9Stw==",
      "license": "MIT",
      "engines": {
        "node": ">=4.0"
      }
    },
    "node_modules/xmlrpc": {
      "version": "1.3.2",
      "resolved": "https://registry.npmjs.org/xmlrpc/-/xmlrpc-1.3.2.tgz",
      "integrity": "sha512-jQf5gbrP6wvzN71fgkcPPkF4bF/Wyovd7Xdff8d6/ihxYmgETQYSuTc+Hl+tsh/jmgPLro/Aro48LMFlIyEKKQ==",
      "license": "MIT",
      "dependencies": {
        "sax": "1.2.x",
        "xmlbuilder": "8.2.x"
      },
      "engines": {
        "node": ">=0.8",
        "npm": ">=1.0.0"
      }
    }
  }
}
